
Microsoft Visual Studio Solution File, Format Version 12.00
# Visual Studio 14
VisualStudioVersion = 14.0.23107.0
MinimumVisualStudioVersion = 10.0.40219.1
Project("{FAE04EC0-301F-11D3-BF4B-00C04F79EFBC}") = "Game.Common", "Game.Common\Game.Common.csproj", "{192D3BCF-795F-4042-AC2E-32519E54D7DB}"
EndProject
Project("{FAE04EC0-301F-11D3-BF4B-00C04F79EFBC}") = "Game.Main", "Game.Main\Game.Main.csproj", "{49EEFBAA-252C-4AA6-BCC1-27A53EF9B572}"
EndProject
Project("{2150E333-8FDC-42A3-9474-1A3956D46DE8}") = "Game.Test", "Game.Test", "{43968656-1A57-4B28-BE57-F3F96D81FAF3}"
EndProject
Project("{FAE04EC0-301F-11D3-BF4B-00C04F79EFBC}") = "SavannahTests", "SavannahTests\SavannahTests.csproj", "{A834DDBD-9651-4BEC-9A5C-4E6AEE77044B}"
EndProject
Project("{FAE04EC0-301F-11D3-BF4B-00C04F79EFBC}") = "Game.Interfaces", "Game.Interfaces\Game.Interfaces.csproj", "{956F30E8-3038-487A-A567-65C31518BF88}"
EndProject
Project("{FAE04EC0-301F-11D3-BF4B-00C04F79EFBC}") = "Game.Models", "Game.Models\Game.Models.csproj", "{4C66C3C6-293F-4CF5-A2E3-0DD757E5296C}"
EndProject
Project("{FAE04EC0-301F-11D3-BF4B-00C04F79EFBC}") = "Game.Views", "Game.Views\Game.Views.csproj", "{FF6648ED-3BC0-45A1-93E7-8352E4889034}"
EndProject
Project("{FAE04EC0-301F-11D3-BF4B-00C04F79EFBC}") = "Game.Common.Logic", "Game.Common.Logic\Game.Common.Logic.csproj", "{5AD412EB-6CF5-4A5B-B483-92D083EA4ADD}"
EndProject
Project("{FAE04EC0-301F-11D3-BF4B-00C04F79EFBC}") = "Game.AnyAnimals", "Game.AnyAnimals\Game.AnyAnimals.csproj", "{8F1BC40F-39C4-4E9E-B704-2102B5D003B5}"
EndProject
Project("{FAE04EC0-301F-11D3-BF4B-00C04F79EFBC}") = "Game.AnimalBehavior", "Game.AnimalBehavior\Game.AnimalBehavior.csproj", "{4EE79AF7-B5D6-4948-AD09-490D0CA05B57}"
EndProject
Project("{FAE04EC0-301F-11D3-BF4B-00C04F79EFBC}") = "Game.Constant", "Game.Constant\Game.Constant.csproj", "{09237731-E914-4D0D-931E-282F40090409}"
EndProject
Global
	GlobalSection(SolutionConfigurationPlatforms) = preSolution
		Debug|Any CPU = Debug|Any CPU
		Release|Any CPU = Release|Any CPU
	EndGlobalSection
	GlobalSection(ProjectConfigurationPlatforms) = postSolution
		{192D3BCF-795F-4042-AC2E-32519E54D7DB}.Debug|Any CPU.ActiveCfg = Debug|Any CPU
		{192D3BCF-795F-4042-AC2E-32519E54D7DB}.Debug|Any CPU.Build.0 = Debug|Any CPU
		{192D3BCF-795F-4042-AC2E-32519E54D7DB}.Release|Any CPU.ActiveCfg = Release|Any CPU
		{192D3BCF-795F-4042-AC2E-32519E54D7DB}.Release|Any CPU.Build.0 = Release|Any CPU
		{49EEFBAA-252C-4AA6-BCC1-27A53EF9B572}.Debug|Any CPU.ActiveCfg = Debug|Any CPU
		{49EEFBAA-252C-4AA6-BCC1-27A53EF9B572}.Debug|Any CPU.Build.0 = Debug|Any CPU
		{49EEFBAA-252C-4AA6-BCC1-27A53EF9B572}.Release|Any CPU.ActiveCfg = Release|Any CPU
		{49EEFBAA-252C-4AA6-BCC1-27A53EF9B572}.Release|Any CPU.Build.0 = Release|Any CPU
		{A834DDBD-9651-4BEC-9A5C-4E6AEE77044B}.Debug|Any CPU.ActiveCfg = Debug|Any CPU
		{A834DDBD-9651-4BEC-9A5C-4E6AEE77044B}.Debug|Any CPU.Build.0 = Debug|Any CPU
		{A834DDBD-9651-4BEC-9A5C-4E6AEE77044B}.Release|Any CPU.ActiveCfg = Release|Any CPU
		{A834DDBD-9651-4BEC-9A5C-4E6AEE77044B}.Release|Any CPU.Build.0 = Release|Any CPU
		{956F30E8-3038-487A-A567-65C31518BF88}.Debug|Any CPU.ActiveCfg = Debug|Any CPU
		{956F30E8-3038-487A-A567-65C31518BF88}.Debug|Any CPU.Build.0 = Debug|Any CPU
		{956F30E8-3038-487A-A567-65C31518BF88}.Release|Any CPU.ActiveCfg = Release|Any CPU
		{956F30E8-3038-487A-A567-65C31518BF88}.Release|Any CPU.Build.0 = Release|Any CPU
		{4C66C3C6-293F-4CF5-A2E3-0DD757E5296C}.Debug|Any CPU.ActiveCfg = Debug|Any CPU
		{4C66C3C6-293F-4CF5-A2E3-0DD757E5296C}.Debug|Any CPU.Build.0 = Debug|Any CPU
		{4C66C3C6-293F-4CF5-A2E3-0DD757E5296C}.Release|Any CPU.ActiveCfg = Release|Any CPU
		{4C66C3C6-293F-4CF5-A2E3-0DD757E5296C}.Release|Any CPU.Build.0 = Release|Any CPU
		{FF6648ED-3BC0-45A1-93E7-8352E4889034}.Debug|Any CPU.ActiveCfg = Debug|Any CPU
		{FF6648ED-3BC0-45A1-93E7-8352E4889034}.Debug|Any CPU.Build.0 = Debug|Any CPU
		{FF6648ED-3BC0-45A1-93E7-8352E4889034}.Release|Any CPU.ActiveCfg = Release|Any CPU
		{FF6648ED-3BC0-45A1-93E7-8352E4889034}.Release|Any CPU.Build.0 = Release|Any CPU
		{5AD412EB-6CF5-4A5B-B483-92D083EA4ADD}.Debug|Any CPU.ActiveCfg = Debug|Any CPU
		{5AD412EB-6CF5-4A5B-B483-92D083EA4ADD}.Debug|Any CPU.Build.0 = Debug|Any CPU
		{5AD412EB-6CF5-4A5B-B483-92D083EA4ADD}.Release|Any CPU.ActiveCfg = Release|Any CPU
		{5AD412EB-6CF5-4A5B-B483-92D083EA4ADD}.Release|Any CPU.Build.0 = Release|Any CPU
		{8F1BC40F-39C4-4E9E-B704-2102B5D003B5}.Debug|Any CPU.ActiveCfg = Debug|Any CPU
		{8F1BC40F-39C4-4E9E-B704-2102B5D003B5}.Debug|Any CPU.Build.0 = Debug|Any CPU
		{8F1BC40F-39C4-4E9E-B704-2102B5D003B5}.Release|Any CPU.ActiveCfg = Release|Any CPU
		{8F1BC40F-39C4-4E9E-B704-2102B5D003B5}.Release|Any CPU.Build.0 = Release|Any CPU
		{4EE79AF7-B5D6-4948-AD09-490D0CA05B57}.Debug|Any CPU.ActiveCfg = Debug|Any CPU
		{4EE79AF7-B5D6-4948-AD09-490D0CA05B57}.Debug|Any CPU.Build.0 = Debug|Any CPU
		{4EE79AF7-B5D6-4948-AD09-490D0CA05B57}.Release|Any CPU.ActiveCfg = Release|Any CPU
		{4EE79AF7-B5D6-4948-AD09-490D0CA05B57}.Release|Any CPU.Build.0 = Release|Any CPU
		{09237731-E914-4D0D-931E-282F40090409}.Debug|Any CPU.ActiveCfg = Debug|Any CPU
		{09237731-E914-4D0D-931E-282F40090409}.Debug|Any CPU.Build.0 = Debug|Any CPU
		{09237731-E914-4D0D-931E-282F40090409}.Release|Any CPU.ActiveCfg = Release|Any CPU
		{09237731-E914-4D0D-931E-282F40090409}.Release|Any CPU.Build.0 = Release|Any CPU
	EndGlobalSection
	GlobalSection(SolutionProperties) = preSolution
		HideSolutionNode = FALSE
	EndGlobalSection
	GlobalSection(NestedProjects) = preSolution
		{A834DDBD-9651-4BEC-9A5C-4E6AEE77044B} = {43968656-1A57-4B28-BE57-F3F96D81FAF3}
	EndGlobalSection
EndGlobal
